// !$*UTF8*$!
{
	archiveVersion = 1;
	classes = {
	};
	objectVersion = 50;
	objects = {

/* Begin PBXBuildFile section */
		71B475F726F8EBC100409218 /* AppDelegate.swift in Sources */ = {isa = PBXBuildFile; fileRef = 71B475F626F8EBC100409218 /* AppDelegate.swift */; };
		71B475F926F8EBC100409218 /* SceneDelegate.swift in Sources */ = {isa = PBXBuildFile; fileRef = 71B475F826F8EBC100409218 /* SceneDelegate.swift */; };
		71B475FB26F8EBC100409218 /* SaveDataViewController.swift in Sources */ = {isa = PBXBuildFile; fileRef = 71B475FA26F8EBC100409218 /* SaveDataViewController.swift */; };
		71B475FE26F8EBC100409218 /* Main.storyboard in Resources */ = {isa = PBXBuildFile; fileRef = 71B475FC26F8EBC100409218 /* Main.storyboard */; };
		71B4760026F8EBC200409218 /* Assets.xcassets in Resources */ = {isa = PBXBuildFile; fileRef = 71B475FF26F8EBC200409218 /* Assets.xcassets */; };
		71B4760326F8EBC200409218 /* LaunchScreen.storyboard in Resources */ = {isa = PBXBuildFile; fileRef = 71B4760126F8EBC200409218 /* LaunchScreen.storyboard */; };
		71B4760B26F8EC5F00409218 /* SaveDataPresenter.swift in Sources */ = {isa = PBXBuildFile; fileRef = 71B4760A26F8EC5F00409218 /* SaveDataPresenter.swift */; };
		71B4760D26F8F45F00409218 /* Constants.swift in Sources */ = {isa = PBXBuildFile; fileRef = 71B4760C26F8F45F00409218 /* Constants.swift */; };
		71B4761A26F8FF3E00409218 /* ViewData.storyboard in Resources */ = {isa = PBXBuildFile; fileRef = 71B4761726F8FF3E00409218 /* ViewData.storyboard */; };
		71B4761B26F8FF3E00409218 /* ViewDataPresenter.swift in Sources */ = {isa = PBXBuildFile; fileRef = 71B4761826F8FF3E00409218 /* ViewDataPresenter.swift */; };
		71B4761C26F8FF3E00409218 /* ViewDataViewController.swift in Sources */ = {isa = PBXBuildFile; fileRef = 71B4761926F8FF3E00409218 /* ViewDataViewController.swift */; };
/* End PBXBuildFile section */

/* Begin PBXFileReference section */
		71B475F326F8EBC100409218 /* Lesson_18_MVP-Example.app */ = {isa = PBXFileReference; explicitFileType = wrapper.application; includeInIndex = 0; path = "Lesson_18_MVP-Example.app"; sourceTree = BUILT_PRODUCTS_DIR; };
		71B475F626F8EBC100409218 /* AppDelegate.swift */ = {isa = PBXFileReference; lastKnownFileType = sourcecode.swift; path = AppDelegate.swift; sourceTree = "<group>"; };
		71B475F826F8EBC100409218 /* SceneDelegate.swift */ = {isa = PBXFileReference; lastKnownFileType = sourcecode.swift; path = SceneDelegate.swift; sourceTree = "<group>"; };
		71B475FA26F8EBC100409218 /* SaveDataViewController.swift */ = {isa = PBXFileReference; lastKnownFileType = sourcecode.swift; path = SaveDataViewController.swift; sourceTree = "<group>"; };
		71B475FD26F8EBC100409218 /* Base */ = {isa = PBXFileReference; lastKnownFileType = file.storyboard; name = Base; path = Base.lproj/Main.storyboard; sourceTree = "<group>"; };
		71B475FF26F8EBC200409218 /* Assets.xcassets */ = {isa = PBXFileReference; lastKnownFileType = folder.assetcatalog; path = Assets.xcassets; sourceTree = "<group>"; };
		71B4760226F8EBC200409218 /* Base */ = {isa = PBXFileReference; lastKnownFileType = file.storyboard; name = Base; path = Base.lproj/LaunchScreen.storyboard; sourceTree = "<group>"; };
		71B4760426F8EBC200409218 /* Info.plist */ = {isa = PBXFileReference; lastKnownFileType = text.plist.xml; path = Info.plist; sourceTree = "<group>"; };
		71B4760A26F8EC5F00409218 /* SaveDataPresenter.swift */ = {isa = PBXFileReference; lastKnownFileType = sourcecode.swift; path = SaveDataPresenter.swift; sourceTree = "<group>"; };
		71B4760C26F8F45F00409218 /* Constants.swift */ = {isa = PBXFileReference; lastKnownFileType = sourcecode.swift; path = Constants.swift; sourceTree = "<group>"; };
		71B4761726F8FF3E00409218 /* ViewData.storyboard */ = {isa = PBXFileReference; lastKnownFileType = file.storyboard; path = ViewData.storyboard; sourceTree = "<group>"; };
		71B4761826F8FF3E00409218 /* ViewDataPresenter.swift */ = {isa = PBXFileReference; lastKnownFileType = sourcecode.swift; path = ViewDataPresenter.swift; sourceTree = "<group>"; };
		71B4761926F8FF3E00409218 /* ViewDataViewController.swift */ = {isa = PBXFileReference; lastKnownFileType = sourcecode.swift; path = ViewDataViewController.swift; sourceTree = "<group>"; };
/* End PBXFileReference section */

/* Begin PBXFrameworksBuildPhase section */
		71B475F026F8EBC100409218 /* Frameworks */ = {
			isa = PBXFrameworksBuildPhase;
			buildActionMask = 2147483647;
			files = (
			);
			runOnlyForDeploymentPostprocessing = 0;
		};
/* End PBXFrameworksBuildPhase section */

/* Begin PBXGroup section */
		71B475EA26F8EBC100409218 = {
			isa = PBXGroup;
			children = (
				71B475F526F8EBC100409218 /* Lesson_18_MVP-Example */,
				71B475F426F8EBC100409218 /* Products */,
			);
			sourceTree = "<group>";
		};
		71B475F426F8EBC100409218 /* Products */ = {
			isa = PBXGroup;
			children = (
				71B475F326F8EBC100409218 /* Lesson_18_MVP-Example.app */,
			);
			name = Products;
			sourceTree = "<group>";
		};
		71B475F526F8EBC100409218 /* Lesson_18_MVP-Example */ = {
			isa = PBXGroup;
			children = (
				71B475F626F8EBC100409218 /* AppDelegate.swift */,
				71B475F826F8EBC100409218 /* SceneDelegate.swift */,
				71B4761526F8FF0E00409218 /* SaveData */,
				71B4760C26F8F45F00409218 /* Constants.swift */,
				71B475FF26F8EBC200409218 /* Assets.xcassets */,
				71B4760126F8EBC200409218 /* LaunchScreen.storyboard */,
				71B4760426F8EBC200409218 /* Info.plist */,
			);
			path = "Lesson_18_MVP-Example";
			sourceTree = "<group>";
		};
		71B4761526F8FF0E00409218 /* SaveData */ = {
			isa = PBXGroup;
			children = (
				71B475FA26F8EBC100409218 /* SaveDataViewController.swift */,
				71B4760A26F8EC5F00409218 /* SaveDataPresenter.swift */,
				71B475FC26F8EBC100409218 /* Main.storyboard */,
				71B4761626F8FF1A00409218 /* ViewData */,
			);
			path = SaveData;
			sourceTree = "<group>";
		};
		71B4761626F8FF1A00409218 /* ViewData */ = {
			isa = PBXGroup;
			children = (
				71B4761726F8FF3E00409218 /* ViewData.storyboard */,
				71B4761826F8FF3E00409218 /* ViewDataPresenter.swift */,
				71B4761926F8FF3E00409218 /* ViewDataViewController.swift */,
			);
			path = ViewData;
			sourceTree = "<group>";
		};
/* End PBXGroup section */

/* Begin PBXNativeTarget section */
		71B475F226F8EBC100409218 /* Lesson_18_MVP-Example */ = {
			isa = PBXNativeTarget;
			buildConfigurationList = 71B4760726F8EBC200409218 /* Build configuration list for PBXNativeTarget "Lesson_18_MVP-Example" */;
			buildPhases = (
				71B475EF26F8EBC100409218 /* Sources */,
				71B475F026F8EBC100409218 /* Frameworks */,
				71B475F126F8EBC100409218 /* Resources */,
			);
			buildRules = (
			);
			dependencies = (
			);
			name = "Lesson_18_MVP-Example";
			productName = "Lesson_18_MVP-Example";
			productReference = 71B475F326F8EBC100409218 /* Lesson_18_MVP-Example.app */;
			productType = "com.apple.product-type.application";
		};
/* End PBXNativeTarget section */

/* Begin PBXProject section */
		71B475EB26F8EBC100409218 /* Project object */ = {
			isa = PBXProject;
			attributes = {
				LastSwiftUpdateCheck = 1250;
				LastUpgradeCheck = 1250;
				TargetAttributes = {
					71B475F226F8EBC100409218 = {
						CreatedOnToolsVersion = 12.5.1;
					};
				};
			};
			buildConfigurationList = 71B475EE26F8EBC100409218 /* Build configuration list for PBXProject "Lesson_18_MVP-Example" */;
			compatibilityVersion = "Xcode 9.3";
			developmentRegion = en;
			hasScannedForEncodings = 0;
			knownRegions = (
				en,
				Base,
			);
			mainGroup = 71B475EA26F8EBC100409218;
			productRefGroup = 71B475F426F8EBC100409218 /* Products */;
			projectDirPath = "";
			projectRoot = "";
			targets = (
				71B475F226F8EBC100409218 /* Lesson_18_MVP-Example */,
			);
		};
/* End PBXProject section */

/* Begin PBXResourcesBuildPhase section */
		71B475F126F8EBC100409218 /* Resources */ = {
			isa = PBXResourcesBuildPhase;
			buildActionMask = 2147483647;
			files = (
				71B4761A26F8FF3E00409218 /* ViewData.storyboard in Resources */,
				71B4760326F8EBC200409218 /* LaunchScreen.storyboard in Resources */,
				71B4760026F8EBC200409218 /* Assets.xcassets in Resources */,
				71B475FE26F8EBC100409218 /* Main.storyboard in Resources */,
			);
			runOnlyForDeploymentPostprocessing = 0;
		};
/* End PBXResourcesBuildPhase section */

/* Begin PBXSourcesBuildPhase section */
		71B475EF26F8EBC100409218 /* Sources */ = {
			isa = PBXSourcesBuildPhase;
			buildActionMask = 2147483647;
			files = (
				71B4760D26F8F45F00409218 /* Constants.swift in Sources */,
				71B475FB26F8EBC100409218 /* SaveDataViewController.swift in Sources */,
				71B475F726F8EBC100409218 /* AppDelegate.swift in Sources */,
				71B475F926F8EBC100409218 /* SceneDelegate.swift in Sources */,
				71B4761C26F8FF3E00409218 /* ViewDataViewController.swift in Sources */,
				71B4760B26F8EC5F00409218 /* SaveDataPresenter.swift in Sources */,
				71B4761B26F8FF3E00409218 /* ViewDataPresenter.swift in Sources */,
			);
			runOnlyForDeploymentPostprocessing = 0;
		};
/* End PBXSourcesBuildPhase section */

/* Begin PBXVariantGroup section */
		71B475FC26F8EBC100409218 /* Main.storyboard */ = {
			isa = PBXVariantGroup;
			children = (
				71B475FD26F8EBC100409218 /* Base */,
			);
			name = Main.storyboard;
			sourceTree = "<group>";
		};
		71B4760126F8EBC200409218 /* LaunchScreen.storyboard */ = {
			isa = PBXVariantGroup;
			children = (
				71B4760226F8EBC200409218 /* Base */,
			);
			name = LaunchScreen.storyboard;
			sourceTree = "<group>";
		};
/* End PBXVariantGroup section */

/* Begin XCBuildConfiguration section */
		71B4760526F8EBC200409218 /* Debug */ = {
			isa = XCBuildConfiguration;
			buildSettings = {
				ALWAYS_SEARCH_USER_PATHS = NO;
				CLANG_ANALYZER_NONNULL = YES;
				CLANG_ANALYZER_NUMBER_OBJECT_CONVERSION = YES_AGGRESSIVE;
				CLANG_CXX_LANGUAGE_STANDARD = "gnu++14";
				CLANG_CXX_LIBRARY = "libc++";
				CLANG_ENABLE_MODULES = YES;
				CLANG_ENABLE_OBJC_ARC = YES;
				CLANG_ENABLE_OBJC_WEAK = YES;
				CLANG_WARN_BLOCK_CAPTURE_AUTORELEASING = YES;
				CLANG_WARN_BOOL_CONVERSION = YES;
				CLANG_WARN_COMMA = YES;
				CLANG_WARN_CONSTANT_CONVERSION = YES;
				CLANG_WARN_DEPRECATED_OBJC_IMPLEMENTATIONS = YES;
				CLANG_WARN_DIRECT_OBJC_ISA_USAGE = YES_ERROR;
				CLANG_WARN_DOCUMENTATION_COMMENTS = YES;
				CLANG_WARN_EMPTY_BODY = YES;
				CLANG_WARN_ENUM_CONVERSION = YES;
				CLANG_WARN_INFINITE_RECURSION = YES;
				CLANG_WARN_INT_CONVERSION = YES;
				CLANG_WARN_NON_LITERAL_NULL_CONVERSION = YES;
				CLANG_WARN_OBJC_IMPLICIT_RETAIN_SELF = YES;
				CLANG_WARN_OBJC_LITERAL_CONVERSION = YES;
				CLANG_WARN_OBJC_ROOT_CLASS = YES_ERROR;
				CLANG_WARN_QUOTED_INCLUDE_IN_FRAMEWORK_HEADER = YES;
				CLANG_WARN_RANGE_LOOP_ANALYSIS = YES;
				CLANG_WARN_STRICT_PROTOTYPES = YES;
				CLANG_WARN_SUSPICIOUS_MOVE = YES;
				CLANG_WARN_UNGUARDED_AVAILABILITY = YES_AGGRESSIVE;
				CLANG_WARN_UNREACHABLE_CODE = YES;
				CLANG_WARN__DUPLICATE_METHOD_MATCH = YES;
				COPY_PHASE_STRIP = NO;
				DEBUG_INFORMATION_FORMAT = dwarf;
				ENABLE_STRICT_OBJC_MSGSEND = YES;
				ENABLE_TESTABILITY = YES;
				GCC_C_LANGUAGE_STANDARD = gnu11;
				GCC_DYNAMIC_NO_PIC = NO;
				GCC_NO_COMMON_BLOCKS = YES;
				GCC_OPTIMIZATION_LEVEL = 0;
				GCC_PREPROCESSOR_DEFINITIONS = (
					"DEBUG=1",
					"$(inherited)",
				);
				GCC_WARN_64_TO_32_BIT_CONVERSION = YES;
				GCC_WARN_ABOUT_RETURN_TYPE = YES_ERROR;
				GCC_WARN_UNDECLARED_SELECTOR = YES;
				GCC_WARN_UNINITIALIZED_AUTOS = YES_AGGRESSIVE;
				GCC_WARN_UNUSED_FUNCTION = YES;
				GCC_WARN_UNUSED_VARIABLE = YES;
				IPHONEOS_DEPLOYMENT_TARGET = 14.5;
				MTL_ENABLE_DEBUG_INFO = INCLUDE_SOURCE;
				MTL_FAST_MATH = YES;
				ONLY_ACTIVE_ARCH = YES;
				SDKROOT = iphoneos;
				SWIFT_ACTIVE_COMPILATION_CONDITIONS = DEBUG;
				SWIFT_OPTIMIZATION_LEVEL = "-Onone";
			};
			name = Debug;
		};
		71B4760626F8EBC200409218 /* Release */ = {
			isa = XCBuildConfiguration;
			buildSettings = {
				ALWAYS_SEARCH_USER_PATHS = NO;
				CLANG_ANALYZER_NONNULL = YES;
				CLANG_ANALYZER_NUMBER_OBJECT_CONVERSION = YES_AGGRESSIVE;
				CLANG_CXX_LANGUAGE_STANDARD = "gnu++14";
				CLANG_CXX_LIBRARY = "libc++";
				CLANG_ENABLE_MODULES = YES;
				CLANG_ENABLE_OBJC_ARC = YES;
				CLANG_ENABLE_OBJC_WEAK = YES;
				CLANG_WARN_BLOCK_CAPTURE_AUTORELEASING = YES;
				CLANG_WARN_BOOL_CONVERSION = YES;
				CLANG_WARN_COMMA = YES;
				CLANG_WARN_CONSTANT_CONVERSION = YES;
				CLANG_WARN_DEPRECATED_OBJC_IMPLEMENTATIONS = YES;
				CLANG_WARN_DIRECT_OBJC_ISA_USAGE = YES_ERROR;
				CLANG_WARN_DOCUMENTATION_COMMENTS = YES;
				CLANG_WARN_EMPTY_BODY = YES;
				CLANG_WARN_ENUM_CONVERSION = YES;
				CLANG_WARN_INFINITE_RECURSION = YES;
				CLANG_WARN_INT_CONVERSION = YES;
				CLANG_WARN_NON_LITERAL_NULL_CONVERSION = YES;
				CLANG_WARN_OBJC_IMPLICIT_RETAIN_SELF = YES;
				CLANG_WARN_OBJC_LITERAL_CONVERSION = YES;
				CLANG_WARN_OBJC_ROOT_CLASS = YES_ERROR;
				CLANG_WARN_QUOTED_INCLUDE_IN_FRAMEWORK_HEADER = YES;
				CLANG_WARN_RANGE_LOOP_ANALYSIS = YES;
				CLANG_WARN_STRICT_PROTOTYPES = YES;
				CLANG_WARN_SUSPICIOUS_MOVE = YES;
				CLANG_WARN_UNGUARDED_AVAILABILITY = YES_AGGRESSIVE;
				CLANG_WARN_UNREACHABLE_CODE = YES;
				CLANG_WARN__DUPLICATE_METHOD_MATCH = YES;
				COPY_PHASE_STRIP = NO;
				DEBUG_INFORMATION_FORMAT = "dwarf-with-dsym";
				ENABLE_NS_ASSERTIONS = NO;
				ENABLE_STRICT_OBJC_MSGSEND = YES;
				GCC_C_LANGUAGE_STANDARD = gnu11;
				GCC_NO_COMMON_BLOCKS = YES;
				GCC_WARN_64_TO_32_BIT_CONVERSION = YES;
				GCC_WARN_ABOUT_RETURN_TYPE = YES_ERROR;
				GCC_WARN_UNDECLARED_SELECTOR = YES;
				GCC_WARN_UNINITIALIZED_AUTOS = YES_AGGRESSIVE;
				GCC_WARN_UNUSED_FUNCTION = YES;
				GCC_WARN_UNUSED_VARIABLE = YES;
				IPHONEOS_DEPLOYMENT_TARGET = 14.5;
				MTL_ENABLE_DEBUG_INFO = NO;
				MTL_FAST_MATH = YES;
				SDKROOT = iphoneos;
				SWIFT_COMPILATION_MODE = wholemodule;
				SWIFT_OPTIMIZATION_LEVEL = "-O";
				VALIDATE_PRODUCT = YES;
			};
			name = Release;
		};
		71B4760826F8EBC200409218 /* Debug */ = {
			isa = XCBuildConfiguration;
			buildSettings = {
				ASSETCATALOG_COMPILER_APPICON_NAME = AppIcon;
				ASSETCATALOG_COMPILER_GLOBAL_ACCENT_COLOR_NAME = AccentColor;
				CODE_SIGN_STYLE = Automatic;
				DEVELOPMENT_TEAM = BJ2Y72RG5B;
				INFOPLIST_FILE = "Lesson_18_MVP-Example/Info.plist";
				LD_RUNPATH_SEARCH_PATHS = (
					"$(inherited)",
					"@executable_path/Frameworks",
				);
				PRODUCT_BUNDLE_IDENTIFIER = "com.evgeniyNosko.Lesson-18-MVP-Example";
				PRODUCT_NAME = "$(TARGET_NAME)";
				SWIFT_VERSION = 5.0;
				TARGETED_DEVICE_FAMILY = "1,2";
			};
			name = Debug;
		};
		71B4760926F8EBC200409218 /* Release */ = {
			isa = XCBuildConfiguration;
			buildSettings = {
				ASSETCATALOG_COMPILER_APPICON_NAME = AppIcon;
				ASSETCATALOG_COMPILER_GLOBAL_ACCENT_COLOR_NAME = AccentColor;
				CODE_SIGN_STYLE = Automatic;
				DEVELOPMENT_TEAM = BJ2Y72RG5B;
				INFOPLIST_FILE = "Lesson_18_MVP-Example/Info.plist";
				LD_RUNPATH_SEARCH_PATHS = (
					"$(inherited)",
					"@executable_path/Frameworks",
				);
				PRODUCT_BUNDLE_IDENTIFIER = "com.evgeniyNosko.Lesson-18-MVP-Example";
				PRODUCT_NAME = "$(TARGET_NAME)";
				SWIFT_VERSION = 5.0;
				TARGETED_DEVICE_FAMILY = "1,2";
			};
			name = Release;
		};
/* End XCBuildConfiguration section */

/* Begin XCConfigurationList section */
		71B475EE26F8EBC100409218 /* Build configuration list for PBXProject "Lesson_18_MVP-Example" */ = {
			isa = XCConfigurationList;
			buildConfigurations = (
				71B4760526F8EBC200409218 /* Debug */,
				71B4760626F8EBC200409218 /* Release */,
			);
			defaultConfigurationIsVisible = 0;
			defaultConfigurationName = Release;
		};
		71B4760726F8EBC200409218 /* Build configuration list for PBXNativeTarget "Lesson_18_MVP-Example" */ = {
			isa = XCConfigurationList;
			buildConfigurations = (
				71B4760826F8EBC200409218 /* Debug */,
				71B4760926F8EBC200409218 /* Release */,
			);
			defaultConfigurationIsVisible = 0;
			defaultConfigurationName = Release;
		};
/* End XCConfigurationList section */
	};
	rootObject = 71B475EB26F8EBC100409218 /* Project object */;
}
